// !$*UTF8*$!
{
	archiveVersion = 1;
	classes = {
	};
	objectVersion = 46;
	objects = {

/* Begin PBXBuildFile section */
		255E45A01E6151D400312ADC /* AppDelegate.swift in Sources */ = {isa = PBXBuildFile; fileRef = 25C72A541E5E8910009083B0 /* AppDelegate.swift */; };
		2562E03F1E5EB04500593544 /* BaseCurrencySelectorViewController.swift in Sources */ = {isa = PBXBuildFile; fileRef = 2562E03E1E5EB04500593544 /* BaseCurrencySelectorViewController.swift */; };
		25C72A571E5E8910009083B0 /* CalculatorViewController.swift in Sources */ = {isa = PBXBuildFile; fileRef = 25C72A561E5E8910009083B0 /* CalculatorViewController.swift */; };
		25C72A5A1E5E8910009083B0 /* Main.storyboard in Resources */ = {isa = PBXBuildFile; fileRef = 25C72A581E5E8910009083B0 /* Main.storyboard */; };
		25C72A5C1E5E8910009083B0 /* Assets.xcassets in Resources */ = {isa = PBXBuildFile; fileRef = 25C72A5B1E5E8910009083B0 /* Assets.xcassets */; };
		25C72A5F1E5E8910009083B0 /* LaunchScreen.storyboard in Resources */ = {isa = PBXBuildFile; fileRef = 25C72A5D1E5E8910009083B0 /* LaunchScreen.storyboard */; };
		25C72A671E5E9637009083B0 /* CurrencyTableViewController.swift in Sources */ = {isa = PBXBuildFile; fileRef = 25C72A661E5E9637009083B0 /* CurrencyTableViewController.swift */; };
/* End PBXBuildFile section */

/* Begin PBXFileReference section */
		2562E03E1E5EB04500593544 /* BaseCurrencySelectorViewController.swift */ = {isa = PBXFileReference; fileEncoding = 4; lastKnownFileType = sourcecode.swift; path = BaseCurrencySelectorViewController.swift; sourceTree = "<group>"; };
		25C72A511E5E8910009083B0 /* CurrencyConverter.app */ = {isa = PBXFileReference; explicitFileType = wrapper.application; includeInIndex = 0; path = CurrencyConverter.app; sourceTree = BUILT_PRODUCTS_DIR; };
		25C72A541E5E8910009083B0 /* AppDelegate.swift */ = {isa = PBXFileReference; lastKnownFileType = sourcecode.swift; path = AppDelegate.swift; sourceTree = "<group>"; };
		25C72A561E5E8910009083B0 /* CalculatorViewController.swift */ = {isa = PBXFileReference; lastKnownFileType = sourcecode.swift; path = CalculatorViewController.swift; sourceTree = "<group>"; };
		25C72A591E5E8910009083B0 /* Base */ = {isa = PBXFileReference; lastKnownFileType = file.storyboard; name = Base; path = Base.lproj/Main.storyboard; sourceTree = "<group>"; };
		25C72A5B1E5E8910009083B0 /* Assets.xcassets */ = {isa = PBXFileReference; lastKnownFileType = folder.assetcatalog; path = Assets.xcassets; sourceTree = "<group>"; };
		25C72A5E1E5E8910009083B0 /* Base */ = {isa = PBXFileReference; lastKnownFileType = file.storyboard; name = Base; path = Base.lproj/LaunchScreen.storyboard; sourceTree = "<group>"; };
		25C72A601E5E8910009083B0 /* Info.plist */ = {isa = PBXFileReference; lastKnownFileType = text.plist.xml; path = Info.plist; sourceTree = "<group>"; };
		25C72A661E5E9637009083B0 /* CurrencyTableViewController.swift */ = {isa = PBXFileReference; fileEncoding = 4; lastKnownFileType = sourcecode.swift; path = CurrencyTableViewController.swift; sourceTree = "<group>"; };
/* End PBXFileReference section */

/* Begin PBXFrameworksBuildPhase section */
		25C72A4E1E5E8910009083B0 /* Frameworks */ = {
			isa = PBXFrameworksBuildPhase;
			buildActionMask = 2147483647;
			files = (
			);
			runOnlyForDeploymentPostprocessing = 0;
		};
/* End PBXFrameworksBuildPhase section */

/* Begin PBXGroup section */
		25C72A481E5E8910009083B0 = {
			isa = PBXGroup;
			children = (
				25C72A531E5E8910009083B0 /* CurrencyConverter */,
				25C72A521E5E8910009083B0 /* Products */,
			);
			sourceTree = "<group>";
		};
		25C72A521E5E8910009083B0 /* Products */ = {
			isa = PBXGroup;
			children = (
				25C72A511E5E8910009083B0 /* CurrencyConverter.app */,
			);
			name = Products;
			sourceTree = "<group>";
		};
		25C72A531E5E8910009083B0 /* CurrencyConverter */ = {
			isa = PBXGroup;
			children = (
				25C72A541E5E8910009083B0 /* AppDelegate.swift */,
				25C72A661E5E9637009083B0 /* CurrencyTableViewController.swift */,
				25C72A561E5E8910009083B0 /* CalculatorViewController.swift */,
				2562E03E1E5EB04500593544 /* BaseCurrencySelectorViewController.swift */,
				25C72A581E5E8910009083B0 /* Main.storyboard */,
				25C72A5B1E5E8910009083B0 /* Assets.xcassets */,
				25C72A5D1E5E8910009083B0 /* LaunchScreen.storyboard */,
				25C72A601E5E8910009083B0 /* Info.plist */,
			);
			path = CurrencyConverter;
			sourceTree = "<group>";
		};
/* End PBXGroup section */

/* Begin PBXNativeTarget section */
		25C72A501E5E8910009083B0 /* CurrencyConverter */ = {
			isa = PBXNativeTarget;
			buildConfigurationList = 25C72A631E5E8910009083B0 /* Build configuration list for PBXNativeTarget "CurrencyConverter" */;
			buildPhases = (
				25C72A4D1E5E8910009083B0 /* Sources */,
				25C72A4E1E5E8910009083B0 /* Frameworks */,
				25C72A4F1E5E8910009083B0 /* Resources */,
			);
			buildRules = (
			);
			dependencies = (
			);
			name = CurrencyConverter;
			productName = CurrencyConverter;
			productReference = 25C72A511E5E8910009083B0 /* CurrencyConverter.app */;
			productType = "com.apple.product-type.application";
		};
/* End PBXNativeTarget section */

/* Begin PBXProject section */
		25C72A491E5E8910009083B0 /* Project object */ = {
			isa = PBXProject;
			attributes = {
				LastSwiftUpdateCheck = 0820;
				LastUpgradeCheck = 0820;
				ORGANIZATIONNAME = Toes;
				TargetAttributes = {
					25C72A501E5E8910009083B0 = {
						CreatedOnToolsVersion = 8.2.1;
						DevelopmentTeam = 9AUCY7KL78;
						ProvisioningStyle = Automatic;
					};
				};
			};
			buildConfigurationList = 25C72A4C1E5E8910009083B0 /* Build configuration list for PBXProject "CurrencyConverter" */;
			compatibilityVersion = "Xcode 3.2";
			developmentRegion = English;
			hasScannedForEncodings = 0;
			knownRegions = (
				en,
				Base,
			);
			mainGroup = 25C72A481E5E8910009083B0;
			productRefGroup = 25C72A521E5E8910009083B0 /* Products */;
			projectDirPath = "";
			projectRoot = "";
			targets = (
				25C72A501E5E8910009083B0 /* CurrencyConverter */,
			);
		};
/* End PBXProject section */

/* Begin PBXResourcesBuildPhase section */
		25C72A4F1E5E8910009083B0 /* Resources */ = {
			isa = PBXResourcesBuildPhase;
			buildActionMask = 2147483647;
			files = (
				25C72A5F1E5E8910009083B0 /* LaunchScreen.storyboard in Resources */,
				25C72A5C1E5E8910009083B0 /* Assets.xcassets in Resources */,
				25C72A5A1E5E8910009083B0 /* Main.storyboard in Resources */,
			);
			runOnlyForDeploymentPostprocessing = 0;
		};
/* End PBXResourcesBuildPhase section */

/* Begin PBXSourcesBuildPhase section */
		25C72A4D1E5E8910009083B0 /* Sources */ = {
			isa = PBXSourcesBuildPhase;
			buildActionMask = 2147483647;
			files = (
				255E45A01E6151D400312ADC /* AppDelegate.swift in Sources */,
				25C72A671E5E9637009083B0 /* CurrencyTableViewController.swift in Sources */,
				2562E03F1E5EB04500593544 /* BaseCurrencySelectorViewController.swift in Sources */,
				25C72A571E5E8910009083B0 /* CalculatorViewController.swift in Sources */,
			);
			runOnlyForDeploymentPostprocessing = 0;
		};
/* End PBXSourcesBuildPhase section */

/* Begin PBXVariantGroup section */
		25C72A581E5E8910009083B0 /* Main.storyboard */ = {
			isa = PBXVariantGroup;
			children = (
				25C72A591E5E8910009083B0 /* Base */,
			);
			name = Main.storyboard;
			sourceTree = "<group>";
		};
		25C72A5D1E5E8910009083B0 /* LaunchScreen.storyboard */ = {
			isa = PBXVariantGroup;
			children = (
				25C72A5E1E5E8910009083B0 /* Base */,
			);
			name = LaunchScreen.storyboard;
			sourceTree = "<group>";
		};
/* End PBXVariantGroup section */

/* Begin XCBuildConfiguration section */
		25C72A611E5E8910009083B0 /* Debug */ = {
			isa = XCBuildConfiguration;
			buildSettings = {
				ALWAYS_SEARCH_USER_PATHS = NO;
				CLANG_ANALYZER_NONNULL = YES;
				CLANG_CXX_LANGUAGE_STANDARD = "gnu++0x";
				CLANG_CXX_LIBRARY = "libc++";
				CLANG_ENABLE_MODULES = YES;
				CLANG_ENABLE_OBJC_ARC = YES;
				CLANG_WARN_BOOL_CONVERSION = YES;
				CLANG_WARN_CONSTANT_CONVERSION = YES;
				CLANG_WARN_DIRECT_OBJC_ISA_USAGE = YES_ERROR;
				CLANG_WARN_DOCUMENTATION_COMMENTS = YES;
				CLANG_WARN_EMPTY_BODY = YES;
				CLANG_WARN_ENUM_CONVERSION = YES;
				CLANG_WARN_INFINITE_RECURSION = YES;
				CLANG_WARN_INT_CONVERSION = YES;
				CLANG_WARN_OBJC_ROOT_CLASS = YES_ERROR;
				CLANG_WARN_SUSPICIOUS_MOVE = YES;
				CLANG_WARN_UNREACHABLE_CODE = YES;
				CLANG_WARN__DUPLICATE_METHOD_MATCH = YES;
				"CODE_SIGN_IDENTITY[sdk=iphoneos*]" = "iPhone Developer";
				COPY_PHASE_STRIP = NO;
				DEBUG_INFORMATION_FORMAT = dwarf;
				ENABLE_STRICT_OBJC_MSGSEND = YES;
				ENABLE_TESTABILITY = YES;
				GCC_C_LANGUAGE_STANDARD = gnu99;
				GCC_DYNAMIC_NO_PIC = NO;
				GCC_NO_COMMON_BLOCKS = YES;
				GCC_OPTIMIZATION_LEVEL = 0;
				GCC_PREPROCESSOR_DEFINITIONS = (
					"DEBUG=1",
					"$(inherited)",
				);
				GCC_WARN_64_TO_32_BIT_CONVERSION = YES;
				GCC_WARN_ABOUT_RETURN_TYPE = YES_ERROR;
				GCC_WARN_UNDECLARED_SELECTOR = YES;
				GCC_WARN_UNINITIALIZED_AUTOS = YES_AGGRESSIVE;
				GCC_WARN_UNUSED_FUNCTION = YES;
				GCC_WARN_UNUSED_VARIABLE = YES;
				IPHONEOS_DEPLOYMENT_TARGET = 10.2;
				MTL_ENABLE_DEBUG_INFO = YES;
				ONLY_ACTIVE_ARCH = YES;
				SDKROOT = iphoneos;
				SWIFT_ACTIVE_COMPILATION_CONDITIONS = DEBUG;
				SWIFT_OPTIMIZATION_LEVEL = "-Onone";
				TARGETED_DEVICE_FAMILY = "1,2";
			};
			name = Debug;
		};
		25C72A621E5E8910009083B0 /* Release */ = {
			isa = XCBuildConfiguration;
			buildSettings = {
				ALWAYS_SEARCH_USER_PATHS = NO;
				CLANG_ANALYZER_NONNULL = YES;
				CLANG_CXX_LANGUAGE_STANDARD = "gnu++0x";
				CLANG_CXX_LIBRARY = "libc++";
				CLANG_ENABLE_MODULES = YES;
				CLANG_ENABLE_OBJC_ARC = YES;
				CLANG_WARN_BOOL_CONVERSION = YES;
				CLANG_WARN_CONSTANT_CONVERSION = YES;
				CLANG_WARN_DIRECT_OBJC_ISA_USAGE = YES_ERROR;
				CLANG_WARN_DOCUMENTATION_COMMENTS = YES;
				CLANG_WARN_EMPTY_BODY = YES;
				CLANG_WARN_ENUM_CONVERSION = YES;
				CLANG_WARN_INFINITE_RECURSION = YES;
				CLANG_WARN_INT_CONVERSION = YES;
				CLANG_WARN_OBJC_ROOT_CLASS = YES_ERROR;
				CLANG_WARN_SUSPICIOUS_MOVE = YES;
				CLANG_WARN_UNREACHABLE_CODE = YES;
				CLANG_WARN__DUPLICATE_METHOD_MATCH = YES;
				"CODE_SIGN_IDENTITY[sdk=iphoneos*]" = "iPhone Developer";
				COPY_PHASE_STRIP = NO;
				DEBUG_INFORMATION_FORMAT = "dwarf-with-dsym";
				ENABLE_NS_ASSERTIONS = NO;
				ENABLE_STRICT_OBJC_MSGSEND = YES;
				GCC_C_LANGUAGE_STANDARD = gnu99;
				GCC_NO_COMMON_BLOCKS = YES;
				GCC_WARN_64_TO_32_BIT_CONVERSION = YES;
				GCC_WARN_ABOUT_RETURN_TYPE = YES_ERROR;
				GCC_WARN_UNDECLARED_SELECTOR = YES;
				GCC_WARN_UNINITIALIZED_AUTOS = YES_AGGRESSIVE;
				GCC_WARN_UNUSED_FUNCTION = YES;
				GCC_WARN_UNUSED_VARIABLE = YES;
				IPHONEOS_DEPLOYMENT_TARGET = 10.2;
				MTL_ENABLE_DEBUG_INFO = NO;
				SDKROOT = iphoneos;
				SWIFT_OPTIMIZATION_LEVEL = "-Owholemodule";
				TARGETED_DEVICE_FAMILY = "1,2";
				VALIDATE_PRODUCT = YES;
			};
			name = Release;
		};
		25C72A641E5E8910009083B0 /* Debug */ = {
			isa = XCBuildConfiguration;
			buildSettings = {
				ASSETCATALOG_COMPILER_APPICON_NAME = AppIcon;
				DEVELOPMENT_TEAM = 9AUCY7KL78;
				INFOPLIST_FILE = CurrencyConverter/Info.plist;
				LD_RUNPATH_SEARCH_PATHS = "$(inherited) @executable_path/Frameworks";
				PRODUCT_BUNDLE_IDENTIFIER = com.Toes.CurrencyConverter;
				PRODUCT_NAME = "$(TARGET_NAME)";
				SWIFT_VERSION = 3.0;
			};
			name = Debug;
		};
		25C72A651E5E8910009083B0 /* Release */ = {
			isa = XCBuildConfiguration;
			buildSettings = {
				ASSETCATALOG_COMPILER_APPICON_NAME = AppIcon;
				DEVELOPMENT_TEAM = 9AUCY7KL78;
				INFOPLIST_FILE = CurrencyConverter/Info.plist;
				LD_RUNPATH_SEARCH_PATHS = "$(inherited) @executable_path/Frameworks";
				PRODUCT_BUNDLE_IDENTIFIER = com.Toes.CurrencyConverter;
				PRODUCT_NAME = "$(TARGET_NAME)";
				SWIFT_VERSION = 3.0;
			};
			name = Release;
		};
/* End XCBuildConfiguration section */

/* Begin XCConfigurationList section */
		25C72A4C1E5E8910009083B0 /* Build configuration list for PBXProject "CurrencyConverter" */ = {
			isa = XCConfigurationList;
			buildConfigurations = (
				25C72A611E5E8910009083B0 /* Debug */,
				25C72A621E5E8910009083B0 /* Release */,
			);
			defaultConfigurationIsVisible = 0;
			defaultConfigurationName = Release;
		};
		25C72A631E5E8910009083B0 /* Build configuration list for PBXNativeTarget "CurrencyConverter" */ = {
			isa = XCConfigurationList;
			buildConfigurations = (
				25C72A641E5E8910009083B0 /* Debug */,
				25C72A651E5E8910009083B0 /* Release */,
			);
			defaultConfigurationIsVisible = 0;
			defaultConfigurationName = Release;
		};
/* End XCConfigurationList section */
	};
	rootObject = 25C72A491E5E8910009083B0 /* Project object */;
}
